
Microsoft Visual Studio Solution File, Format Version 12.00
# Visual Studio Version 17
VisualStudioVersion = 17.7.34221.43
MinimumVisualStudioVersion = 10.0.40219.1
Project("{FAE04EC0-301F-11D3-BF4B-00C04F79EFBC}") = "BruteForce", "BruteForce.csproj", "{B8BC6F28-CF33-434F-A625-590DADD65BB3}"
EndProject
Global
	GlobalSection(SolutionConfigurationPlatforms) = preSolution
		Debug|Any CPU = Debug|Any CPU
		Release|Any CPU = Release|Any CPU
	EndGlobalSection
	GlobalSection(ProjectConfigurationPlatforms) = postSolution
		{B8BC6F28-CF33-434F-A625-590DADD65BB3}.Debug|Any CPU.ActiveCfg = Debug|Any CPU
		{B8BC6F28-CF33-434F-A625-590DADD65BB3}.Debug|Any CPU.Build.0 = Debug|Any CPU
		{B8BC6F28-CF33-434F-A625-590DADD65BB3}.Release|Any CPU.ActiveCfg = Release|Any CPU
		{B8BC6F28-CF33-434F-A625-590DADD65BB3}.Release|Any CPU.Build.0 = Release|Any CPU
	EndGlobalSection
	GlobalSection(SolutionProperties) = preSolution
		HideSolutionNode = FALSE
	EndGlobalSection
	GlobalSection(ExtensibilityGlobals) = postSolution
		SolutionGuid = {C876B02F-AF04-438F-A81B-6E15A58C204A}
	EndGlobalSection
EndGlobal
